
Microsoft Visual Studio Solution File, Format Version 12.00
# Visual Studio Version 17
VisualStudioVersion = 17.2.32630.192
MinimumVisualStudioVersion = 10.0.40219.1
Project("{9A19103F-16F7-4668-BE54-9A1E7A4F7556}") = "GirlsRide.Web", "GrilsRide.Web\GirlsRide.Web.csproj", "{DD255B23-C509-4368-BEDA-E73D375A5DD5}"
EndProject
Global
	GlobalSection(SolutionConfigurationPlatforms) = preSolution
		Debug|Any CPU = Debug|Any CPU
		Release|Any CPU = Release|Any CPU
	EndGlobalSection
	GlobalSection(ProjectConfigurationPlatforms) = postSolution
		{DD255B23-C509-4368-BEDA-E73D375A5DD5}.Debug|Any CPU.ActiveCfg = Debug|Any CPU
		{DD255B23-C509-4368-BEDA-E73D375A5DD5}.Debug|Any CPU.Build.0 = Debug|Any CPU
		{DD255B23-C509-4368-BEDA-E73D375A5DD5}.Release|Any CPU.ActiveCfg = Release|Any CPU
		{DD255B23-C509-4368-BEDA-E73D375A5DD5}.Release|Any CPU.Build.0 = Release|Any CPU
	EndGlobalSection
	GlobalSection(SolutionProperties) = preSolution
		HideSolutionNode = FALSE
	EndGlobalSection
	GlobalSection(ExtensibilityGlobals) = postSolution
		SolutionGuid = {AA3A911A-E246-475F-86E6-BED76AF72C7C}
	EndGlobalSection
EndGlobal
